
Microsoft Visual Studio Solution File, Format Version 12.00
# Visual Studio Version 16
VisualStudioVersion = 16.0.29503.13
MinimumVisualStudioVersion = 10.0.40219.1
Project("{FAE04EC0-301F-11D3-BF4B-00C04F79EFBC}") = "GHIT_LoginForm", "GHIT_LoginForm\GHIT_LoginForm.csproj", "{7674DDAE-EE4A-4F10-9777-6D1439B6C170}"
EndProject
Global
	GlobalSection(SolutionConfigurationPlatforms) = preSolution
		Debug|Any CPU = Debug|Any CPU
		Release|Any CPU = Release|Any CPU
	EndGlobalSection
	GlobalSection(ProjectConfigurationPlatforms) = postSolution
		{7674DDAE-EE4A-4F10-9777-6D1439B6C170}.Debug|Any CPU.ActiveCfg = Debug|Any CPU
		{7674DDAE-EE4A-4F10-9777-6D1439B6C170}.Debug|Any CPU.Build.0 = Debug|Any CPU
		{7674DDAE-EE4A-4F10-9777-6D1439B6C170}.Release|Any CPU.ActiveCfg = Release|Any CPU
		{7674DDAE-EE4A-4F10-9777-6D1439B6C170}.Release|Any CPU.Build.0 = Release|Any CPU
	EndGlobalSection
	GlobalSection(SolutionProperties) = preSolution
		HideSolutionNode = FALSE
	EndGlobalSection
	GlobalSection(ExtensibilityGlobals) = postSolution
		SolutionGuid = {8E53227D-C07B-4EEC-A746-3BB6748E8785}
	EndGlobalSection
EndGlobal
